// !$*UTF8*$!
{
	archiveVersion = 1;
	classes = {
	};
	objectVersion = 46;
	objects = {

/* Begin PBXBuildFile section */
		5574CC7A1E25B51E0092DE67 /* main.cpp in Sources */ = {isa = PBXBuildFile; fileRef = 5574CC791E25B51E0092DE67 /* main.cpp */; };
		5574CC851E262A570092DE67 /* BasicTypes.cpp in Sources */ = {isa = PBXBuildFile; fileRef = 5574CC831E262A570092DE67 /* BasicTypes.cpp */; };
		55FFCFEC1E427C480009529D /* NoteFactory.cpp in Sources */ = {isa = PBXBuildFile; fileRef = 55FFCFEA1E427C480009529D /* NoteFactory.cpp */; };
		55FFCFF11E42E8170009529D /* Data.cpp in Sources */ = {isa = PBXBuildFile; fileRef = 55FFCFEF1E42E8170009529D /* Data.cpp */; };
		55FFCFF31E442BFF0009529D /* ScaleFactory.cpp in Sources */ = {isa = PBXBuildFile; fileRef = 55FFCFF21E442BFF0009529D /* ScaleFactory.cpp */; };
/* End PBXBuildFile section */

/* Begin PBXCopyFilesBuildPhase section */
		5574CC741E25B51E0092DE67 /* CopyFiles */ = {
			isa = PBXCopyFilesBuildPhase;
			buildActionMask = 2147483647;
			dstPath = /usr/share/man/man1/;
			dstSubfolderSpec = 0;
			files = (
			);
			runOnlyForDeploymentPostprocessing = 1;
		};
/* End PBXCopyFilesBuildPhase section */

/* Begin PBXFileReference section */
		5574CC761E25B51E0092DE67 /* ScaleFinder */ = {isa = PBXFileReference; explicitFileType = "compiled.mach-o.executable"; includeInIndex = 0; path = ScaleFinder; sourceTree = BUILT_PRODUCTS_DIR; };
		5574CC791E25B51E0092DE67 /* main.cpp */ = {isa = PBXFileReference; lastKnownFileType = sourcecode.cpp.cpp; path = main.cpp; sourceTree = "<group>"; };
		5574CC831E262A570092DE67 /* BasicTypes.cpp */ = {isa = PBXFileReference; fileEncoding = 4; lastKnownFileType = sourcecode.cpp.cpp; path = BasicTypes.cpp; sourceTree = "<group>"; };
		5574CC841E262A570092DE67 /* BasicTypes.hpp */ = {isa = PBXFileReference; fileEncoding = 4; lastKnownFileType = sourcecode.cpp.h; path = BasicTypes.hpp; sourceTree = "<group>"; };
		5575ED271E4506DE00962792 /* ScaleFactory.hpp */ = {isa = PBXFileReference; fileEncoding = 4; lastKnownFileType = sourcecode.cpp.h; path = ScaleFactory.hpp; sourceTree = "<group>"; };
		5575ED281E450D7900962792 /* .gitignore */ = {isa = PBXFileReference; fileEncoding = 4; lastKnownFileType = text; path = .gitignore; sourceTree = "<group>"; };
		55FFCFEA1E427C480009529D /* NoteFactory.cpp */ = {isa = PBXFileReference; fileEncoding = 4; lastKnownFileType = sourcecode.cpp.cpp; path = NoteFactory.cpp; sourceTree = "<group>"; };
		55FFCFEB1E427C480009529D /* NoteFactory.hpp */ = {isa = PBXFileReference; fileEncoding = 4; lastKnownFileType = sourcecode.cpp.h; path = NoteFactory.hpp; sourceTree = "<group>"; };
		55FFCFED1E42A90F0009529D /* Utility.h */ = {isa = PBXFileReference; lastKnownFileType = sourcecode.c.h; path = Utility.h; sourceTree = "<group>"; };
		55FFCFEF1E42E8170009529D /* Data.cpp */ = {isa = PBXFileReference; fileEncoding = 4; lastKnownFileType = sourcecode.cpp.cpp; path = Data.cpp; sourceTree = "<group>"; };
		55FFCFF01E42E8170009529D /* Data.hpp */ = {isa = PBXFileReference; fileEncoding = 4; lastKnownFileType = sourcecode.cpp.h; path = Data.hpp; sourceTree = "<group>"; };
		55FFCFF21E442BFF0009529D /* ScaleFactory.cpp */ = {isa = PBXFileReference; fileEncoding = 4; lastKnownFileType = sourcecode.cpp.cpp; path = ScaleFactory.cpp; sourceTree = "<group>"; };
/* End PBXFileReference section */

/* Begin PBXFrameworksBuildPhase section */
		5574CC731E25B51E0092DE67 /* Frameworks */ = {
			isa = PBXFrameworksBuildPhase;
			buildActionMask = 2147483647;
			files = (
			);
			runOnlyForDeploymentPostprocessing = 0;
		};
/* End PBXFrameworksBuildPhase section */

/* Begin PBXGroup section */
		5574CC6D1E25B51E0092DE67 = {
			isa = PBXGroup;
			children = (
				5575ED281E450D7900962792 /* .gitignore */,
				5574CC781E25B51E0092DE67 /* ScaleFinder */,
				5574CC771E25B51E0092DE67 /* Products */,
			);
			sourceTree = "<group>";
		};
		5574CC771E25B51E0092DE67 /* Products */ = {
			isa = PBXGroup;
			children = (
				5574CC761E25B51E0092DE67 /* ScaleFinder */,
			);
			name = Products;
			sourceTree = "<group>";
		};
		5574CC781E25B51E0092DE67 /* ScaleFinder */ = {
			isa = PBXGroup;
			children = (
				5575ED271E4506DE00962792 /* ScaleFactory.hpp */,
				55FFCFF21E442BFF0009529D /* ScaleFactory.cpp */,
				5574CC791E25B51E0092DE67 /* main.cpp */,
				5574CC831E262A570092DE67 /* BasicTypes.cpp */,
				5574CC841E262A570092DE67 /* BasicTypes.hpp */,
				55FFCFEA1E427C480009529D /* NoteFactory.cpp */,
				55FFCFEB1E427C480009529D /* NoteFactory.hpp */,
				55FFCFED1E42A90F0009529D /* Utility.h */,
				55FFCFEF1E42E8170009529D /* Data.cpp */,
				55FFCFF01E42E8170009529D /* Data.hpp */,
			);
			path = ScaleFinder;
			sourceTree = "<group>";
		};
/* End PBXGroup section */

/* Begin PBXNativeTarget section */
		5574CC751E25B51E0092DE67 /* ScaleFinder */ = {
			isa = PBXNativeTarget;
			buildConfigurationList = 5574CC7D1E25B51E0092DE67 /* Build configuration list for PBXNativeTarget "ScaleFinder" */;
			buildPhases = (
				5574CC721E25B51E0092DE67 /* Sources */,
				5574CC731E25B51E0092DE67 /* Frameworks */,
				5574CC741E25B51E0092DE67 /* CopyFiles */,
			);
			buildRules = (
			);
			dependencies = (
			);
			name = ScaleFinder;
			productName = ScaleFinder;
			productReference = 5574CC761E25B51E0092DE67 /* ScaleFinder */;
			productType = "com.apple.product-type.tool";
		};
/* End PBXNativeTarget section */

/* Begin PBXProject section */
		5574CC6E1E25B51E0092DE67 /* Project object */ = {
			isa = PBXProject;
			attributes = {
				LastUpgradeCheck = 0820;
				ORGANIZATIONNAME = Me;
				TargetAttributes = {
					5574CC751E25B51E0092DE67 = {
						CreatedOnToolsVersion = 8.2.1;
						ProvisioningStyle = Automatic;
					};
				};
			};
			buildConfigurationList = 5574CC711E25B51E0092DE67 /* Build configuration list for PBXProject "ScaleFinder" */;
			compatibilityVersion = "Xcode 3.2";
			developmentRegion = English;
			hasScannedForEncodings = 0;
			knownRegions = (
				en,
			);
			mainGroup = 5574CC6D1E25B51E0092DE67;
			productRefGroup = 5574CC771E25B51E0092DE67 /* Products */;
			projectDirPath = "";
			projectRoot = "";
			targets = (
				5574CC751E25B51E0092DE67 /* ScaleFinder */,
			);
		};
/* End PBXProject section */

/* Begin PBXSourcesBuildPhase section */
		5574CC721E25B51E0092DE67 /* Sources */ = {
			isa = PBXSourcesBuildPhase;
			buildActionMask = 2147483647;
			files = (
				5574CC7A1E25B51E0092DE67 /* main.cpp in Sources */,
				5574CC851E262A570092DE67 /* BasicTypes.cpp in Sources */,
				55FFCFEC1E427C480009529D /* NoteFactory.cpp in Sources */,
				55FFCFF31E442BFF0009529D /* ScaleFactory.cpp in Sources */,
				55FFCFF11E42E8170009529D /* Data.cpp in Sources */,
			);
			runOnlyForDeploymentPostprocessing = 0;
		};
/* End PBXSourcesBuildPhase section */

/* Begin XCBuildConfiguration section */
		5574CC7B1E25B51E0092DE67 /* Debug */ = {
			isa = XCBuildConfiguration;
			buildSettings = {
				ALWAYS_SEARCH_USER_PATHS = NO;
				CLANG_ANALYZER_NONNULL = YES;
				CLANG_CXX_LANGUAGE_STANDARD = "gnu++0x";
				CLANG_CXX_LIBRARY = "libc++";
				CLANG_ENABLE_MODULES = YES;
				CLANG_ENABLE_OBJC_ARC = YES;
				CLANG_WARN_BOOL_CONVERSION = YES;
				CLANG_WARN_CONSTANT_CONVERSION = YES;
				CLANG_WARN_DIRECT_OBJC_ISA_USAGE = YES_ERROR;
				CLANG_WARN_DOCUMENTATION_COMMENTS = YES;
				CLANG_WARN_EMPTY_BODY = YES;
				CLANG_WARN_ENUM_CONVERSION = YES;
				CLANG_WARN_INFINITE_RECURSION = YES;
				CLANG_WARN_INT_CONVERSION = YES;
				CLANG_WARN_OBJC_ROOT_CLASS = YES_ERROR;
				CLANG_WARN_SUSPICIOUS_MOVE = YES;
				CLANG_WARN_UNREACHABLE_CODE = YES;
				CLANG_WARN__DUPLICATE_METHOD_MATCH = YES;
				CODE_SIGN_IDENTITY = "-";
				COPY_PHASE_STRIP = NO;
				DEBUG_INFORMATION_FORMAT = dwarf;
				ENABLE_STRICT_OBJC_MSGSEND = YES;
				ENABLE_TESTABILITY = YES;
				GCC_C_LANGUAGE_STANDARD = gnu99;
				GCC_DYNAMIC_NO_PIC = NO;
				GCC_NO_COMMON_BLOCKS = YES;
				GCC_OPTIMIZATION_LEVEL = 0;
				GCC_PREPROCESSOR_DEFINITIONS = (
					"DEBUG=1",
					"$(inherited)",
				);
				GCC_WARN_64_TO_32_BIT_CONVERSION = YES;
				GCC_WARN_ABOUT_RETURN_TYPE = YES_ERROR;
				GCC_WARN_UNDECLARED_SELECTOR = YES;
				GCC_WARN_UNINITIALIZED_AUTOS = YES_AGGRESSIVE;
				GCC_WARN_UNUSED_FUNCTION = YES;
				GCC_WARN_UNUSED_VARIABLE = YES;
				MACOSX_DEPLOYMENT_TARGET = 10.12;
				MTL_ENABLE_DEBUG_INFO = YES;
				ONLY_ACTIVE_ARCH = YES;
				SDKROOT = macosx;
			};
			name = Debug;
		};
		5574CC7C1E25B51E0092DE67 /* Release */ = {
			isa = XCBuildConfiguration;
			buildSettings = {
				ALWAYS_SEARCH_USER_PATHS = NO;
				CLANG_ANALYZER_NONNULL = YES;
				CLANG_CXX_LANGUAGE_STANDARD = "gnu++0x";
				CLANG_CXX_LIBRARY = "libc++";
				CLANG_ENABLE_MODULES = YES;
				CLANG_ENABLE_OBJC_ARC = YES;
				CLANG_WARN_BOOL_CONVERSION = YES;
				CLANG_WARN_CONSTANT_CONVERSION = YES;
				CLANG_WARN_DIRECT_OBJC_ISA_USAGE = YES_ERROR;
				CLANG_WARN_DOCUMENTATION_COMMENTS = YES;
				CLANG_WARN_EMPTY_BODY = YES;
				CLANG_WARN_ENUM_CONVERSION = YES;
				CLANG_WARN_INFINITE_RECURSION = YES;
				CLANG_WARN_INT_CONVERSION = YES;
				CLANG_WARN_OBJC_ROOT_CLASS = YES_ERROR;
				CLANG_WARN_SUSPICIOUS_MOVE = YES;
				CLANG_WARN_UNREACHABLE_CODE = YES;
				CLANG_WARN__DUPLICATE_METHOD_MATCH = YES;
				CODE_SIGN_IDENTITY = "-";
				COPY_PHASE_STRIP = NO;
				DEBUG_INFORMATION_FORMAT = "dwarf-with-dsym";
				ENABLE_NS_ASSERTIONS = NO;
				ENABLE_STRICT_OBJC_MSGSEND = YES;
				GCC_C_LANGUAGE_STANDARD = gnu99;
				GCC_NO_COMMON_BLOCKS = YES;
				GCC_WARN_64_TO_32_BIT_CONVERSION = YES;
				GCC_WARN_ABOUT_RETURN_TYPE = YES_ERROR;
				GCC_WARN_UNDECLARED_SELECTOR = YES;
				GCC_WARN_UNINITIALIZED_AUTOS = YES_AGGRESSIVE;
				GCC_WARN_UNUSED_FUNCTION = YES;
				GCC_WARN_UNUSED_VARIABLE = YES;
				MACOSX_DEPLOYMENT_TARGET = 10.12;
				MTL_ENABLE_DEBUG_INFO = NO;
				SDKROOT = macosx;
			};
			name = Release;
		};
		5574CC7E1E25B51E0092DE67 /* Debug */ = {
			isa = XCBuildConfiguration;
			buildSettings = {
				"OTHER_CPLUSPLUSFLAGS[arch=*]" = (
					"$(OTHER_CFLAGS)",
					"-v",
				);
				PRODUCT_NAME = "$(TARGET_NAME)";
			};
			name = Debug;
		};
		5574CC7F1E25B51E0092DE67 /* Release */ = {
			isa = XCBuildConfiguration;
			buildSettings = {
				"OTHER_CPLUSPLUSFLAGS[arch=*]" = (
					"$(OTHER_CFLAGS)",
					"-v",
				);
				PRODUCT_NAME = "$(TARGET_NAME)";
			};
			name = Release;
		};
/* End XCBuildConfiguration section */

/* Begin XCConfigurationList section */
		5574CC711E25B51E0092DE67 /* Build configuration list for PBXProject "ScaleFinder" */ = {
			isa = XCConfigurationList;
			buildConfigurations = (
				5574CC7B1E25B51E0092DE67 /* Debug */,
				5574CC7C1E25B51E0092DE67 /* Release */,
			);
			defaultConfigurationIsVisible = 0;
			defaultConfigurationName = Release;
		};
		5574CC7D1E25B51E0092DE67 /* Build configuration list for PBXNativeTarget "ScaleFinder" */ = {
			isa = XCConfigurationList;
			buildConfigurations = (
				5574CC7E1E25B51E0092DE67 /* Debug */,
				5574CC7F1E25B51E0092DE67 /* Release */,
			);
			defaultConfigurationIsVisible = 0;
			defaultConfigurationName = Release;
		};
/* End XCConfigurationList section */
	};
	rootObject = 5574CC6E1E25B51E0092DE67 /* Project object */;
}
